PODS:
  - Alamofire (5.9.0)
  - Moya (15.0.0):
    - Moya/Core (= 15.0.0)
  - Moya/Core (15.0.0):
    - Alamofire (~> 5.0)

DEPENDENCIES:
  - Moya (~> 15.0)

SPEC REPOS:
  trunk:
    - Alamofire
    - Moya

SPEC CHECKSUMS:
  Alamofire: 02b772c9910e8eba1a079227c32fbd9e46c90a24
  Moya: 138f0573e53411fb3dc17016add0b748dfbd78ee

PODFILE CHECKSUM: 03d6d8e6d35a0ee2f9f0f12f0656bf43c07f35aa

COCOAPODS: 1.13.0
